
Microsoft Visual Studio Solution File, Format Version 12.00
Project("{FAE04EC0-301F-11D3-BF4B-00C04F79EFBC}") = "PrincessProblem", "PrincessProblem\PrincessProblem.csproj", "{3311D755-4A9F-43C7-AFF5-EBF7A91F6721}"
EndProject
Project("{FAE04EC0-301F-11D3-BF4B-00C04F79EFBC}") = "TestsPrincessProblem", "TestsPrincessProblem\TestsPrincessProblem.csproj", "{96C145FE-E744-4B8B-80CA-37AAFFE14FF3}"
EndProject
Global
	GlobalSection(SolutionConfigurationPlatforms) = preSolution
		Debug|Any CPU = Debug|Any CPU
		Release|Any CPU = Release|Any CPU
	EndGlobalSection
	GlobalSection(ProjectConfigurationPlatforms) = postSolution
		{3311D755-4A9F-43C7-AFF5-EBF7A91F6721}.Debug|Any CPU.ActiveCfg = Debug|Any CPU
		{3311D755-4A9F-43C7-AFF5-EBF7A91F6721}.Debug|Any CPU.Build.0 = Debug|Any CPU
		{3311D755-4A9F-43C7-AFF5-EBF7A91F6721}.Release|Any CPU.ActiveCfg = Release|Any CPU
		{3311D755-4A9F-43C7-AFF5-EBF7A91F6721}.Release|Any CPU.Build.0 = Release|Any CPU
		{96C145FE-E744-4B8B-80CA-37AAFFE14FF3}.Debug|Any CPU.ActiveCfg = Debug|Any CPU
		{96C145FE-E744-4B8B-80CA-37AAFFE14FF3}.Debug|Any CPU.Build.0 = Debug|Any CPU
		{96C145FE-E744-4B8B-80CA-37AAFFE14FF3}.Release|Any CPU.ActiveCfg = Release|Any CPU
		{96C145FE-E744-4B8B-80CA-37AAFFE14FF3}.Release|Any CPU.Build.0 = Release|Any CPU
	EndGlobalSection
EndGlobal
